
Microsoft Visual Studio Solution File, Format Version 12.00
# Visual Studio 15
VisualStudioVersion = 15.0.27428.2005
MinimumVisualStudioVersion = 10.0.40219.1
Project("{9A19103F-16F7-4668-BE54-9A1E7A4F7556}") = "Server", "Server\Server.csproj", "{61A87F41-863B-41EB-B356-146D44349F17}"
EndProject
Project("{9A19103F-16F7-4668-BE54-9A1E7A4F7556}") = "Client", "Client\Client.csproj", "{28E4992F-FA79-4A30-961E-95993F006EF5}"
EndProject
Project("{9A19103F-16F7-4668-BE54-9A1E7A4F7556}") = "Server2", "Server2\Server2.csproj", "{00000576-D80F-4248-A48C-32A48997F2D4}"
EndProject
Project("{FAE04EC0-301F-11D3-BF4B-00C04F79EFBC}") = "Contract", "Contract\Contract.csproj", "{7A02B5B0-67CD-422F-A5D9-65775DB0EAD2}"
EndProject
Project("{FAE04EC0-301F-11D3-BF4B-00C04F79EFBC}") = "Service", "Service\Service.csproj", "{4712DB5F-AAD5-44B6-9B3F-7F5591BB7B68}"
EndProject
Global
	GlobalSection(SolutionConfigurationPlatforms) = preSolution
		Debug|Any CPU = Debug|Any CPU
		Release|Any CPU = Release|Any CPU
	EndGlobalSection
	GlobalSection(ProjectConfigurationPlatforms) = postSolution
		{61A87F41-863B-41EB-B356-146D44349F17}.Debug|Any CPU.ActiveCfg = Debug|Any CPU
		{61A87F41-863B-41EB-B356-146D44349F17}.Debug|Any CPU.Build.0 = Debug|Any CPU
		{61A87F41-863B-41EB-B356-146D44349F17}.Release|Any CPU.ActiveCfg = Release|Any CPU
		{61A87F41-863B-41EB-B356-146D44349F17}.Release|Any CPU.Build.0 = Release|Any CPU
		{28E4992F-FA79-4A30-961E-95993F006EF5}.Debug|Any CPU.ActiveCfg = Debug|Any CPU
		{28E4992F-FA79-4A30-961E-95993F006EF5}.Debug|Any CPU.Build.0 = Debug|Any CPU
		{28E4992F-FA79-4A30-961E-95993F006EF5}.Release|Any CPU.ActiveCfg = Release|Any CPU
		{28E4992F-FA79-4A30-961E-95993F006EF5}.Release|Any CPU.Build.0 = Release|Any CPU
		{00000576-D80F-4248-A48C-32A48997F2D4}.Debug|Any CPU.ActiveCfg = Debug|Any CPU
		{00000576-D80F-4248-A48C-32A48997F2D4}.Debug|Any CPU.Build.0 = Debug|Any CPU
		{00000576-D80F-4248-A48C-32A48997F2D4}.Release|Any CPU.ActiveCfg = Release|Any CPU
		{00000576-D80F-4248-A48C-32A48997F2D4}.Release|Any CPU.Build.0 = Release|Any CPU
		{7A02B5B0-67CD-422F-A5D9-65775DB0EAD2}.Debug|Any CPU.ActiveCfg = Debug|Any CPU
		{7A02B5B0-67CD-422F-A5D9-65775DB0EAD2}.Debug|Any CPU.Build.0 = Debug|Any CPU
		{7A02B5B0-67CD-422F-A5D9-65775DB0EAD2}.Release|Any CPU.ActiveCfg = Release|Any CPU
		{7A02B5B0-67CD-422F-A5D9-65775DB0EAD2}.Release|Any CPU.Build.0 = Release|Any CPU
		{4712DB5F-AAD5-44B6-9B3F-7F5591BB7B68}.Debug|Any CPU.ActiveCfg = Debug|Any CPU
		{4712DB5F-AAD5-44B6-9B3F-7F5591BB7B68}.Debug|Any CPU.Build.0 = Debug|Any CPU
		{4712DB5F-AAD5-44B6-9B3F-7F5591BB7B68}.Release|Any CPU.ActiveCfg = Release|Any CPU
		{4712DB5F-AAD5-44B6-9B3F-7F5591BB7B68}.Release|Any CPU.Build.0 = Release|Any CPU
	EndGlobalSection
	GlobalSection(SolutionProperties) = preSolution
		HideSolutionNode = FALSE
	EndGlobalSection
	GlobalSection(ExtensibilityGlobals) = postSolution
		SolutionGuid = {B0BF6AB0-5FE4-4CA9-BC16-74C43654FB86}
	EndGlobalSection
EndGlobal
